
Microsoft Visual Studio Solution File, Format Version 12.00
# Visual Studio Version 17
VisualStudioVersion = 17.3.32922.545
MinimumVisualStudioVersion = 10.0.40219.1
Project("{FAE04EC0-301F-11D3-BF4B-00C04F79EFBC}") = "OperatorTreeKawicher", "OperatorTreeKawicher\OperatorTreeKawicher.csproj", "{92E75C70-3E0A-44E2-AC6A-24C56D23DE64}"
EndProject
Global
	GlobalSection(SolutionConfigurationPlatforms) = preSolution
		Debug|Any CPU = Debug|Any CPU
		Release|Any CPU = Release|Any CPU
	EndGlobalSection
	GlobalSection(ProjectConfigurationPlatforms) = postSolution
		{92E75C70-3E0A-44E2-AC6A-24C56D23DE64}.Debug|Any CPU.ActiveCfg = Debug|Any CPU
		{92E75C70-3E0A-44E2-AC6A-24C56D23DE64}.Debug|Any CPU.Build.0 = Debug|Any CPU
		{92E75C70-3E0A-44E2-AC6A-24C56D23DE64}.Release|Any CPU.ActiveCfg = Release|Any CPU
		{92E75C70-3E0A-44E2-AC6A-24C56D23DE64}.Release|Any CPU.Build.0 = Release|Any CPU
	EndGlobalSection
	GlobalSection(SolutionProperties) = preSolution
		HideSolutionNode = FALSE
	EndGlobalSection
	GlobalSection(ExtensibilityGlobals) = postSolution
		SolutionGuid = {ACA426B2-A4E8-401B-A1F2-57066589CCCF}
	EndGlobalSection
EndGlobal
